// !$*UTF8*$!
{
	archiveVersion = 1;
	classes = {
	};
	objectVersion = 46;
	objects = {

/* Begin PBXBuildFile section */
		2BAA13441DB31869005F9CED /* SocketRocket.framework in Frameworks */ = {isa = PBXBuildFile; fileRef = 2BAA13431DB31869005F9CED /* SocketRocket.framework */; };
		2BAA13451DB31869005F9CED /* SocketRocket.framework in Embed Frameworks */ = {isa = PBXBuildFile; fileRef = 2BAA13431DB31869005F9CED /* SocketRocket.framework */; settings = {ATTRIBUTES = (CodeSignOnCopy, RemoveHeadersOnCopy, ); }; };
		2BE6EA4A1DB31D6600CD49F0 /* SSPlexMediaPlayerInterface.m in Sources */ = {isa = PBXBuildFile; fileRef = 2BE6EA491DB31D6600CD49F0 /* SSPlexMediaPlayerInterface.m */; };
		2BE83C5C17CD57F2007DBCE4 /* SSiTunesInterface.m in Sources */ = {isa = PBXBuildFile; fileRef = 2BE83C5B17CD57F2007DBCE4 /* SSiTunesInterface.m */; };
		FA0E6A8C15F2D010009C1423 /* SSPreferencesController.m in Sources */ = {isa = PBXBuildFile; fileRef = FA0E6A8B15F2D010009C1423 /* SSPreferencesController.m */; };
		FA0E6A9115F2D258009C1423 /* SSHTTPRequest.m in Sources */ = {isa = PBXBuildFile; fileRef = FA0E6A9015F2D258009C1423 /* SSHTTPRequest.m */; };
		FA0E6A9415F2D2BE009C1423 /* SSPreferencesWindow.m in Sources */ = {isa = PBXBuildFile; fileRef = FA0E6A9315F2D2BE009C1423 /* SSPreferencesWindow.m */; };
		FA10C55215ED56190053EED1 /* KBContext.c in Sources */ = {isa = PBXBuildFile; fileRef = FA10C54615ED56190053EED1 /* KBContext.c */; };
		FA10C55315ED56190053EED1 /* KBDecode.c in Sources */ = {isa = PBXBuildFile; fileRef = FA10C54815ED56190053EED1 /* KBDecode.c */; };
		FA10C55415ED56190053EED1 /* KBDecodeObjC.m in Sources */ = {isa = PBXBuildFile; fileRef = FA10C54B15ED56190053EED1 /* KBDecodeObjC.m */; };
		FA10C55515ED56190053EED1 /* KBEncode.c in Sources */ = {isa = PBXBuildFile; fileRef = FA10C54C15ED56190053EED1 /* KBEncode.c */; };
		FA10C55615ED56190053EED1 /* KBEncodeObjC.m in Sources */ = {isa = PBXBuildFile; fileRef = FA10C54F15ED56190053EED1 /* KBEncodeObjC.m */; };
		FA10C55715ED56190053EED1 /* KBPSession.m in Sources */ = {isa = PBXBuildFile; fileRef = FA10C55115ED56190053EED1 /* KBPSession.m */; };
		FA10C56015ED56960053EED1 /* SSController.m in Sources */ = {isa = PBXBuildFile; fileRef = FA10C55F15ED56960053EED1 /* SSController.m */; };
		FA10C56315ED56A40053EED1 /* SSMainWindow.m in Sources */ = {isa = PBXBuildFile; fileRef = FA10C56215ED56A40053EED1 /* SSMainWindow.m */; };
		FA10C56B15ED62600053EED1 /* ScriptingBridge.framework in Frameworks */ = {isa = PBXBuildFile; fileRef = FA10C56A15ED62600053EED1 /* ScriptingBridge.framework */; };
		FA10C57215ED62F40053EED1 /* SSQuickTimeInterface.m in Sources */ = {isa = PBXBuildFile; fileRef = FA10C57115ED62F40053EED1 /* SSQuickTimeInterface.m */; };
		FA10C57915ED65B50053EED1 /* SSVLCInterface.m in Sources */ = {isa = PBXBuildFile; fileRef = FA10C57815ED65B50053EED1 /* SSVLCInterface.m */; };
		FA10C57C15ED67430053EED1 /* SSInterfaceFactory.m in Sources */ = {isa = PBXBuildFile; fileRef = FA10C57B15ED67430053EED1 /* SSInterfaceFactory.m */; };
		FA10C58215ED68140053EED1 /* SSConnectView.m in Sources */ = {isa = PBXBuildFile; fileRef = FA10C58115ED68140053EED1 /* SSConnectView.m */; };
		FA10C58515ED8E780053EED1 /* SSMainView.m in Sources */ = {isa = PBXBuildFile; fileRef = FA10C58415ED8E780053EED1 /* SSMainView.m */; };
		FA13279E185513AF0048D23D /* SSInterface.m in Sources */ = {isa = PBXBuildFile; fileRef = FA13279D185513AF0048D23D /* SSInterface.m */; };
		FA3DF56B15EA9A0E003A5271 /* Cocoa.framework in Frameworks */ = {isa = PBXBuildFile; fileRef = FA3DF56A15EA9A0E003A5271 /* Cocoa.framework */; };
		FA3DF57515EA9A0E003A5271 /* InfoPlist.strings in Resources */ = {isa = PBXBuildFile; fileRef = FA3DF57315EA9A0E003A5271 /* InfoPlist.strings */; };
		FA3DF57715EA9A0E003A5271 /* main.m in Sources */ = {isa = PBXBuildFile; fileRef = FA3DF57615EA9A0E003A5271 /* main.m */; };
		FA3DF57B15EA9A0E003A5271 /* Credits.rtf in Resources */ = {isa = PBXBuildFile; fileRef = FA3DF57915EA9A0E003A5271 /* Credits.rtf */; };
		FA3DF57E15EA9A0E003A5271 /* SSAppDelegate.m in Sources */ = {isa = PBXBuildFile; fileRef = FA3DF57D15EA9A0E003A5271 /* SSAppDelegate.m */; };
		FA3DF58115EA9A0E003A5271 /* MainMenu.xib in Resources */ = {isa = PBXBuildFile; fileRef = FA3DF57F15EA9A0E003A5271 /* MainMenu.xib */; };
		FA6BE5F915EF0950008C4F1D /* SSInterfaceStatus.m in Sources */ = {isa = PBXBuildFile; fileRef = FA6BE5F815EF0950008C4F1D /* SSInterfaceStatus.m */; };
		FAA5DC9E15EEE8FC002CC804 /* SSSyncController.m in Sources */ = {isa = PBXBuildFile; fileRef = FAA5DC9D15EEE8FC002CC804 /* SSSyncController.m */; };
		FAB6775615F02A7700C80B7B /* SSPlexHomeTheaterInterface.m in Sources */ = {isa = PBXBuildFile; fileRef = FAB6775515F02A7700C80B7B /* SSPlexHomeTheaterInterface.m */; };
/* End PBXBuildFile section */

/* Begin PBXCopyFilesBuildPhase section */
		2BAA13461DB31869005F9CED /* Embed Frameworks */ = {
			isa = PBXCopyFilesBuildPhase;
			buildActionMask = 2147483647;
			dstPath = "";
			dstSubfolderSpec = 10;
			files = (
				2BAA13451DB31869005F9CED /* SocketRocket.framework in Embed Frameworks */,
			);
			name = "Embed Frameworks";
			runOnlyForDeploymentPostprocessing = 0;
		};
/* End PBXCopyFilesBuildPhase section */

/* Begin PBXFileReference section */
		2BAA13431DB31869005F9CED /* SocketRocket.framework */ = {isa = PBXFileReference; lastKnownFileType = wrapper.framework; name = SocketRocket.framework; path = Carthage/Build/Mac/SocketRocket.framework; sourceTree = "<group>"; };
		2BE6EA481DB31D6600CD49F0 /* SSPlexMediaPlayerInterface.h */ = {isa = PBXFileReference; fileEncoding = 4; lastKnownFileType = sourcecode.c.h; name = SSPlexMediaPlayerInterface.h; path = Plex/SSPlexMediaPlayerInterface.h; sourceTree = "<group>"; };
		2BE6EA491DB31D6600CD49F0 /* SSPlexMediaPlayerInterface.m */ = {isa = PBXFileReference; fileEncoding = 4; lastKnownFileType = sourcecode.c.objc; name = SSPlexMediaPlayerInterface.m; path = Plex/SSPlexMediaPlayerInterface.m; sourceTree = "<group>"; };
		2BE83C5A17CD57F2007DBCE4 /* SSiTunesInterface.h */ = {isa = PBXFileReference; fileEncoding = 4; lastKnownFileType = sourcecode.c.h; name = SSiTunesInterface.h; path = iTunes/SSiTunesInterface.h; sourceTree = "<group>"; };
		2BE83C5B17CD57F2007DBCE4 /* SSiTunesInterface.m */ = {isa = PBXFileReference; fileEncoding = 4; lastKnownFileType = sourcecode.c.objc; name = SSiTunesInterface.m; path = iTunes/SSiTunesInterface.m; sourceTree = "<group>"; };
		2BE83C5D17CD5866007DBCE4 /* iTunes.h */ = {isa = PBXFileReference; lastKnownFileType = sourcecode.c.h; name = iTunes.h; path = iTunes/iTunes.h; sourceTree = "<group>"; };
		FA0E6A8A15F2D010009C1423 /* SSPreferencesController.h */ = {isa = PBXFileReference; fileEncoding = 4; lastKnownFileType = sourcecode.c.h; path = SSPreferencesController.h; sourceTree = "<group>"; };
		FA0E6A8B15F2D010009C1423 /* SSPreferencesController.m */ = {isa = PBXFileReference; fileEncoding = 4; lastKnownFileType = sourcecode.c.objc; path = SSPreferencesController.m; sourceTree = "<group>"; };
		FA0E6A8F15F2D258009C1423 /* SSHTTPRequest.h */ = {isa = PBXFileReference; fileEncoding = 4; lastKnownFileType = sourcecode.c.h; path = SSHTTPRequest.h; sourceTree = "<group>"; };
		FA0E6A9015F2D258009C1423 /* SSHTTPRequest.m */ = {isa = PBXFileReference; fileEncoding = 4; lastKnownFileType = sourcecode.c.objc; path = SSHTTPRequest.m; sourceTree = "<group>"; };
		FA0E6A9215F2D2BE009C1423 /* SSPreferencesWindow.h */ = {isa = PBXFileReference; fileEncoding = 4; lastKnownFileType = sourcecode.c.h; path = SSPreferencesWindow.h; sourceTree = "<group>"; };
		FA0E6A9315F2D2BE009C1423 /* SSPreferencesWindow.m */ = {isa = PBXFileReference; fileEncoding = 4; lastKnownFileType = sourcecode.c.objc; path = SSPreferencesWindow.m; sourceTree = "<group>"; };
		FA10C54515ED56190053EED1 /* KBConst.h */ = {isa = PBXFileReference; fileEncoding = 4; lastKnownFileType = sourcecode.c.h; path = KBConst.h; sourceTree = "<group>"; };
		FA10C54615ED56190053EED1 /* KBContext.c */ = {isa = PBXFileReference; fileEncoding = 4; lastKnownFileType = sourcecode.c.c; path = KBContext.c; sourceTree = "<group>"; };
		FA10C54715ED56190053EED1 /* KBContext.h */ = {isa = PBXFileReference; fileEncoding = 4; lastKnownFileType = sourcecode.c.h; path = KBContext.h; sourceTree = "<group>"; };
		FA10C54815ED56190053EED1 /* KBDecode.c */ = {isa = PBXFileReference; fileEncoding = 4; lastKnownFileType = sourcecode.c.c; path = KBDecode.c; sourceTree = "<group>"; };
		FA10C54915ED56190053EED1 /* KBDecode.h */ = {isa = PBXFileReference; fileEncoding = 4; lastKnownFileType = sourcecode.c.h; path = KBDecode.h; sourceTree = "<group>"; };
		FA10C54A15ED56190053EED1 /* KBDecodeObjC.h */ = {isa = PBXFileReference; fileEncoding = 4; lastKnownFileType = sourcecode.c.h; path = KBDecodeObjC.h; sourceTree = "<group>"; };
		FA10C54B15ED56190053EED1 /* KBDecodeObjC.m */ = {isa = PBXFileReference; fileEncoding = 4; lastKnownFileType = sourcecode.c.objc; path = KBDecodeObjC.m; sourceTree = "<group>"; };
		FA10C54C15ED56190053EED1 /* KBEncode.c */ = {isa = PBXFileReference; fileEncoding = 4; lastKnownFileType = sourcecode.c.c; path = KBEncode.c; sourceTree = "<group>"; };
		FA10C54D15ED56190053EED1 /* KBEncode.h */ = {isa = PBXFileReference; fileEncoding = 4; lastKnownFileType = sourcecode.c.h; path = KBEncode.h; sourceTree = "<group>"; };
		FA10C54E15ED56190053EED1 /* KBEncodeObjC.h */ = {isa = PBXFileReference; fileEncoding = 4; lastKnownFileType = sourcecode.c.h; path = KBEncodeObjC.h; sourceTree = "<group>"; };
		FA10C54F15ED56190053EED1 /* KBEncodeObjC.m */ = {isa = PBXFileReference; fileEncoding = 4; lastKnownFileType = sourcecode.c.objc; path = KBEncodeObjC.m; sourceTree = "<group>"; };
		FA10C55015ED56190053EED1 /* KBPSession.h */ = {isa = PBXFileReference; fileEncoding = 4; lastKnownFileType = sourcecode.c.h; path = KBPSession.h; sourceTree = "<group>"; };
		FA10C55115ED56190053EED1 /* KBPSession.m */ = {isa = PBXFileReference; fileEncoding = 4; lastKnownFileType = sourcecode.c.objc; path = KBPSession.m; sourceTree = "<group>"; };
		FA10C55E15ED56960053EED1 /* SSController.h */ = {isa = PBXFileReference; fileEncoding = 4; lastKnownFileType = sourcecode.c.h; path = SSController.h; sourceTree = "<group>"; };
		FA10C55F15ED56960053EED1 /* SSController.m */ = {isa = PBXFileReference; fileEncoding = 4; lastKnownFileType = sourcecode.c.objc; path = SSController.m; sourceTree = "<group>"; };
		FA10C56115ED56A40053EED1 /* SSMainWindow.h */ = {isa = PBXFileReference; fileEncoding = 4; lastKnownFileType = sourcecode.c.h; path = SSMainWindow.h; sourceTree = "<group>"; };
		FA10C56215ED56A40053EED1 /* SSMainWindow.m */ = {isa = PBXFileReference; fileEncoding = 4; lastKnownFileType = sourcecode.c.objc; path = SSMainWindow.m; sourceTree = "<group>"; };
		FA10C56A15ED62600053EED1 /* ScriptingBridge.framework */ = {isa = PBXFileReference; lastKnownFileType = wrapper.framework; name = ScriptingBridge.framework; path = System/Library/Frameworks/ScriptingBridge.framework; sourceTree = SDKROOT; };
		FA10C56E15ED62D80053EED1 /* VLC.h */ = {isa = PBXFileReference; lastKnownFileType = sourcecode.c.h; path = VLC.h; sourceTree = "<group>"; };
		FA10C56F15ED62E00053EED1 /* QuickTimePlayer.h */ = {isa = PBXFileReference; lastKnownFileType = sourcecode.c.h; path = QuickTimePlayer.h; sourceTree = "<group>"; };
		FA10C57015ED62F40053EED1 /* SSQuickTimeInterface.h */ = {isa = PBXFileReference; fileEncoding = 4; lastKnownFileType = sourcecode.c.h; path = SSQuickTimeInterface.h; sourceTree = "<group>"; };
		FA10C57115ED62F40053EED1 /* SSQuickTimeInterface.m */ = {isa = PBXFileReference; fileEncoding = 4; lastKnownFileType = sourcecode.c.objc; path = SSQuickTimeInterface.m; sourceTree = "<group>"; };
		FA10C57715ED65B50053EED1 /* SSVLCInterface.h */ = {isa = PBXFileReference; fileEncoding = 4; lastKnownFileType = sourcecode.c.h; path = SSVLCInterface.h; sourceTree = "<group>"; };
		FA10C57815ED65B50053EED1 /* SSVLCInterface.m */ = {isa = PBXFileReference; fileEncoding = 4; lastKnownFileType = sourcecode.c.objc; path = SSVLCInterface.m; sourceTree = "<group>"; };
		FA10C57A15ED67430053EED1 /* SSInterfaceFactory.h */ = {isa = PBXFileReference; fileEncoding = 4; lastKnownFileType = sourcecode.c.h; path = SSInterfaceFactory.h; sourceTree = "<group>"; };
		FA10C57B15ED67430053EED1 /* SSInterfaceFactory.m */ = {isa = PBXFileReference; fileEncoding = 4; lastKnownFileType = sourcecode.c.objc; path = SSInterfaceFactory.m; sourceTree = "<group>"; };
		FA10C58015ED68140053EED1 /* SSConnectView.h */ = {isa = PBXFileReference; fileEncoding = 4; lastKnownFileType = sourcecode.c.h; path = SSConnectView.h; sourceTree = "<group>"; };
		FA10C58115ED68140053EED1 /* SSConnectView.m */ = {isa = PBXFileReference; fileEncoding = 4; lastKnownFileType = sourcecode.c.objc; path = SSConnectView.m; sourceTree = "<group>"; };
		FA10C58315ED8E780053EED1 /* SSMainView.h */ = {isa = PBXFileReference; fileEncoding = 4; lastKnownFileType = sourcecode.c.h; path = SSMainView.h; sourceTree = "<group>"; };
		FA10C58415ED8E780053EED1 /* SSMainView.m */ = {isa = PBXFileReference; fileEncoding = 4; lastKnownFileType = sourcecode.c.objc; path = SSMainView.m; sourceTree = "<group>"; };
		FA13279C185513AF0048D23D /* SSInterface.h */ = {isa = PBXFileReference; fileEncoding = 4; lastKnownFileType = sourcecode.c.h; path = SSInterface.h; sourceTree = "<group>"; };
		FA13279D185513AF0048D23D /* SSInterface.m */ = {isa = PBXFileReference; fileEncoding = 4; lastKnownFileType = sourcecode.c.objc; path = SSInterface.m; sourceTree = "<group>"; };
		FA3DF56615EA9A0E003A5271 /* ShowSync.app */ = {isa = PBXFileReference; explicitFileType = wrapper.application; includeInIndex = 0; path = ShowSync.app; sourceTree = BUILT_PRODUCTS_DIR; };
		FA3DF56A15EA9A0E003A5271 /* Cocoa.framework */ = {isa = PBXFileReference; lastKnownFileType = wrapper.framework; name = Cocoa.framework; path = System/Library/Frameworks/Cocoa.framework; sourceTree = SDKROOT; };
		FA3DF56D15EA9A0E003A5271 /* AppKit.framework */ = {isa = PBXFileReference; lastKnownFileType = wrapper.framework; name = AppKit.framework; path = System/Library/Frameworks/AppKit.framework; sourceTree = SDKROOT; };
		FA3DF56E15EA9A0E003A5271 /* CoreData.framework */ = {isa = PBXFileReference; lastKnownFileType = wrapper.framework; name = CoreData.framework; path = System/Library/Frameworks/CoreData.framework; sourceTree = SDKROOT; };
		FA3DF56F15EA9A0E003A5271 /* Foundation.framework */ = {isa = PBXFileReference; lastKnownFileType = wrapper.framework; name = Foundation.framework; path = System/Library/Frameworks/Foundation.framework; sourceTree = SDKROOT; };
		FA3DF57215EA9A0E003A5271 /* ShowSync-Info.plist */ = {isa = PBXFileReference; lastKnownFileType = text.plist.xml; path = "ShowSync-Info.plist"; sourceTree = "<group>"; };
		FA3DF57415EA9A0E003A5271 /* en */ = {isa = PBXFileReference; lastKnownFileType = text.plist.strings; name = en; path = en.lproj/InfoPlist.strings; sourceTree = "<group>"; };
		FA3DF57615EA9A0E003A5271 /* main.m */ = {isa = PBXFileReference; lastKnownFileType = sourcecode.c.objc; path = main.m; sourceTree = "<group>"; };
		FA3DF57815EA9A0E003A5271 /* ShowSync-Prefix.pch */ = {isa = PBXFileReference; lastKnownFileType = sourcecode.c.h; path = "ShowSync-Prefix.pch"; sourceTree = "<group>"; };
		FA3DF57A15EA9A0E003A5271 /* en */ = {isa = PBXFileReference; lastKnownFileType = text.rtf; name = en; path = en.lproj/Credits.rtf; sourceTree = "<group>"; };
		FA3DF57C15EA9A0E003A5271 /* SSAppDelegate.h */ = {isa = PBXFileReference; lastKnownFileType = sourcecode.c.h; path = SSAppDelegate.h; sourceTree = "<group>"; };
		FA3DF57D15EA9A0E003A5271 /* SSAppDelegate.m */ = {isa = PBXFileReference; lastKnownFileType = sourcecode.c.objc; path = SSAppDelegate.m; sourceTree = "<group>"; };
		FA3DF58015EA9A0E003A5271 /* en */ = {isa = PBXFileReference; lastKnownFileType = file.xib; name = en; path = en.lproj/MainMenu.xib; sourceTree = "<group>"; };
		FA6BE5F715EF0950008C4F1D /* SSInterfaceStatus.h */ = {isa = PBXFileReference; fileEncoding = 4; lastKnownFileType = sourcecode.c.h; path = SSInterfaceStatus.h; sourceTree = "<group>"; };
		FA6BE5F815EF0950008C4F1D /* SSInterfaceStatus.m */ = {isa = PBXFileReference; fileEncoding = 4; lastKnownFileType = sourcecode.c.objc; path = SSInterfaceStatus.m; sourceTree = "<group>"; };
		FAA5DC9C15EEE8FC002CC804 /* SSSyncController.h */ = {isa = PBXFileReference; fileEncoding = 4; lastKnownFileType = sourcecode.c.h; path = SSSyncController.h; sourceTree = "<group>"; };
		FAA5DC9D15EEE8FC002CC804 /* SSSyncController.m */ = {isa = PBXFileReference; fileEncoding = 4; lastKnownFileType = sourcecode.c.objc; path = SSSyncController.m; sourceTree = "<group>"; };
		FAB6775415F02A7700C80B7B /* SSPlexHomeTheaterInterface.h */ = {isa = PBXFileReference; fileEncoding = 4; lastKnownFileType = sourcecode.c.h; path = SSPlexHomeTheaterInterface.h; sourceTree = "<group>"; };
		FAB6775515F02A7700C80B7B /* SSPlexHomeTheaterInterface.m */ = {isa = PBXFileReference; fileEncoding = 4; lastKnownFileType = sourcecode.c.objc; path = SSPlexHomeTheaterInterface.m; sourceTree = "<group>"; };
/* End PBXFileReference section */

/* Begin PBXFrameworksBuildPhase section */
		FA3DF56315EA9A0E003A5271 /* Frameworks */ = {
			isa = PBXFrameworksBuildPhase;
			buildActionMask = 2147483647;
			files = (
				FA10C56B15ED62600053EED1 /* ScriptingBridge.framework in Frameworks */,
				FA3DF56B15EA9A0E003A5271 /* Cocoa.framework in Frameworks */,
				2BAA13441DB31869005F9CED /* SocketRocket.framework in Frameworks */,
			);
			runOnlyForDeploymentPostprocessing = 0;
		};
/* End PBXFrameworksBuildPhase section */

/* Begin PBXGroup section */
		2BE6EA4B1DB31D6C00CD49F0 /* Plex Media Player */ = {
			isa = PBXGroup;
			children = (
				2BE6EA481DB31D6600CD49F0 /* SSPlexMediaPlayerInterface.h */,
				2BE6EA491DB31D6600CD49F0 /* SSPlexMediaPlayerInterface.m */,
			);
			name = "Plex Media Player";
			sourceTree = "<group>";
		};
		2BE83C5917CD575A007DBCE4 /* iTunes */ = {
			isa = PBXGroup;
			children = (
				2BE83C5D17CD5866007DBCE4 /* iTunes.h */,
				2BE83C5A17CD57F2007DBCE4 /* SSiTunesInterface.h */,
				2BE83C5B17CD57F2007DBCE4 /* SSiTunesInterface.m */,
			);
			name = iTunes;
			sourceTree = "<group>";
		};
		FA0E6A8E15F2D258009C1423 /* HTTP */ = {
			isa = PBXGroup;
			children = (
				FA0E6A8F15F2D258009C1423 /* SSHTTPRequest.h */,
				FA0E6A9015F2D258009C1423 /* SSHTTPRequest.m */,
			);
			path = HTTP;
			sourceTree = "<group>";
		};
		FA10C54315ED56190053EED1 /* KBProxy */ = {
			isa = PBXGroup;
			children = (
				FA10C54415ED56190053EED1 /* KBCKit */,
				FA10C55015ED56190053EED1 /* KBPSession.h */,
				FA10C55115ED56190053EED1 /* KBPSession.m */,
			);
			path = KBProxy;
			sourceTree = "<group>";
		};
		FA10C54415ED56190053EED1 /* KBCKit */ = {
			isa = PBXGroup;
			children = (
				FA10C54515ED56190053EED1 /* KBConst.h */,
				FA10C54615ED56190053EED1 /* KBContext.c */,
				FA10C54715ED56190053EED1 /* KBContext.h */,
				FA10C54815ED56190053EED1 /* KBDecode.c */,
				FA10C54915ED56190053EED1 /* KBDecode.h */,
				FA10C54A15ED56190053EED1 /* KBDecodeObjC.h */,
				FA10C54B15ED56190053EED1 /* KBDecodeObjC.m */,
				FA10C54C15ED56190053EED1 /* KBEncode.c */,
				FA10C54D15ED56190053EED1 /* KBEncode.h */,
				FA10C54E15ED56190053EED1 /* KBEncodeObjC.h */,
				FA10C54F15ED56190053EED1 /* KBEncodeObjC.m */,
			);
			path = KBCKit;
			sourceTree = "<group>";
		};
		FA10C55915ED56530053EED1 /* Controller */ = {
			isa = PBXGroup;
			children = (
				FA10C55E15ED56960053EED1 /* SSController.h */,
				FA10C55F15ED56960053EED1 /* SSController.m */,
				FAA5DC9C15EEE8FC002CC804 /* SSSyncController.h */,
				FAA5DC9D15EEE8FC002CC804 /* SSSyncController.m */,
				FA0E6A8A15F2D010009C1423 /* SSPreferencesController.h */,
				FA0E6A8B15F2D010009C1423 /* SSPreferencesController.m */,
			);
			path = Controller;
			sourceTree = "<group>";
		};
		FA10C55A15ED56530053EED1 /* View */ = {
			isa = PBXGroup;
			children = (
				FA10C56115ED56A40053EED1 /* SSMainWindow.h */,
				FA10C56215ED56A40053EED1 /* SSMainWindow.m */,
				FA10C58015ED68140053EED1 /* SSConnectView.h */,
				FA10C58115ED68140053EED1 /* SSConnectView.m */,
				FA10C58315ED8E780053EED1 /* SSMainView.h */,
				FA10C58415ED8E780053EED1 /* SSMainView.m */,
				FA0E6A9215F2D2BE009C1423 /* SSPreferencesWindow.h */,
				FA0E6A9315F2D2BE009C1423 /* SSPreferencesWindow.m */,
			);
			path = View;
			sourceTree = "<group>";
		};
		FA10C56415ED5E750053EED1 /* Interfaces */ = {
			isa = PBXGroup;
			children = (
				FAB6775215F02A6100C80B7B /* Plex Home Theater */,
				2BE6EA4B1DB31D6C00CD49F0 /* Plex Media Player */,
				FA10C56C15ED62C80053EED1 /* VLC */,
				FA10C56D15ED62C80053EED1 /* QuickTime */,
				2BE83C5917CD575A007DBCE4 /* iTunes */,
				FA10C57A15ED67430053EED1 /* SSInterfaceFactory.h */,
				FA10C57B15ED67430053EED1 /* SSInterfaceFactory.m */,
				FA6BE5F715EF0950008C4F1D /* SSInterfaceStatus.h */,
				FA6BE5F815EF0950008C4F1D /* SSInterfaceStatus.m */,
				FA13279C185513AF0048D23D /* SSInterface.h */,
				FA13279D185513AF0048D23D /* SSInterface.m */,
			);
			path = Interfaces;
			sourceTree = "<group>";
		};
		FA10C56C15ED62C80053EED1 /* VLC */ = {
			isa = PBXGroup;
			children = (
				FA10C56E15ED62D80053EED1 /* VLC.h */,
				FA10C57715ED65B50053EED1 /* SSVLCInterface.h */,
				FA10C57815ED65B50053EED1 /* SSVLCInterface.m */,
			);
			path = VLC;
			sourceTree = "<group>";
		};
		FA10C56D15ED62C80053EED1 /* QuickTime */ = {
			isa = PBXGroup;
			children = (
				FA10C56F15ED62E00053EED1 /* QuickTimePlayer.h */,
				FA10C57015ED62F40053EED1 /* SSQuickTimeInterface.h */,
				FA10C57115ED62F40053EED1 /* SSQuickTimeInterface.m */,
			);
			path = QuickTime;
			sourceTree = "<group>";
		};
		FA3DF55B15EA9A0E003A5271 = {
			isa = PBXGroup;
			children = (
				FA10C54315ED56190053EED1 /* KBProxy */,
				FA3DF57015EA9A0E003A5271 /* ShowSync */,
				FA3DF56915EA9A0E003A5271 /* Frameworks */,
				FA3DF56715EA9A0E003A5271 /* Products */,
			);
			sourceTree = "<group>";
		};
		FA3DF56715EA9A0E003A5271 /* Products */ = {
			isa = PBXGroup;
			children = (
				FA3DF56615EA9A0E003A5271 /* ShowSync.app */,
			);
			name = Products;
			sourceTree = "<group>";
		};
		FA3DF56915EA9A0E003A5271 /* Frameworks */ = {
			isa = PBXGroup;
			children = (
				FA3DF56A15EA9A0E003A5271 /* Cocoa.framework */,
				FA10C56A15ED62600053EED1 /* ScriptingBridge.framework */,
				FA3DF56C15EA9A0E003A5271 /* Other Frameworks */,
				2BAA13431DB31869005F9CED /* SocketRocket.framework */,
			);
			name = Frameworks;
			sourceTree = "<group>";
		};
		FA3DF56C15EA9A0E003A5271 /* Other Frameworks */ = {
			isa = PBXGroup;
			children = (
				FA3DF56D15EA9A0E003A5271 /* AppKit.framework */,
				FA3DF56E15EA9A0E003A5271 /* CoreData.framework */,
				FA3DF56F15EA9A0E003A5271 /* Foundation.framework */,
			);
			name = "Other Frameworks";
			sourceTree = "<group>";
		};
		FA3DF57015EA9A0E003A5271 /* ShowSync */ = {
			isa = PBXGroup;
			children = (
				FA0E6A8E15F2D258009C1423 /* HTTP */,
				FA10C56415ED5E750053EED1 /* Interfaces */,
				FA10C55915ED56530053EED1 /* Controller */,
				FA10C55A15ED56530053EED1 /* View */,
				FA3DF57C15EA9A0E003A5271 /* SSAppDelegate.h */,
				FA3DF57D15EA9A0E003A5271 /* SSAppDelegate.m */,
				FA3DF57F15EA9A0E003A5271 /* MainMenu.xib */,
				FA3DF57115EA9A0E003A5271 /* Supporting Files */,
			);
			path = ShowSync;
			sourceTree = "<group>";
		};
		FA3DF57115EA9A0E003A5271 /* Supporting Files */ = {
			isa = PBXGroup;
			children = (
				FA3DF57215EA9A0E003A5271 /* ShowSync-Info.plist */,
				FA3DF57315EA9A0E003A5271 /* InfoPlist.strings */,
				FA3DF57615EA9A0E003A5271 /* main.m */,
				FA3DF57815EA9A0E003A5271 /* ShowSync-Prefix.pch */,
				FA3DF57915EA9A0E003A5271 /* Credits.rtf */,
			);
			name = "Supporting Files";
			sourceTree = "<group>";
		};
		FAB6775215F02A6100C80B7B /* Plex Home Theater */ = {
			isa = PBXGroup;
			children = (
				FAB6775415F02A7700C80B7B /* SSPlexHomeTheaterInterface.h */,
				FAB6775515F02A7700C80B7B /* SSPlexHomeTheaterInterface.m */,
			);
			name = "Plex Home Theater";
			path = Plex;
			sourceTree = "<group>";
		};
/* End PBXGroup section */

/* Begin PBXNativeTarget section */
		FA3DF56515EA9A0E003A5271 /* ShowSync */ = {
			isa = PBXNativeTarget;
			buildConfigurationList = FA3DF58415EA9A0E003A5271 /* Build configuration list for PBXNativeTarget "ShowSync" */;
			buildPhases = (
				FA3DF56215EA9A0E003A5271 /* Sources */,
				FA3DF56315EA9A0E003A5271 /* Frameworks */,
				FA3DF56415EA9A0E003A5271 /* Resources */,
				2BAA13461DB31869005F9CED /* Embed Frameworks */,
			);
			buildRules = (
			);
			dependencies = (
			);
			name = ShowSync;
			productName = ShowSync;
			productReference = FA3DF56615EA9A0E003A5271 /* ShowSync.app */;
			productType = "com.apple.product-type.application";
		};
/* End PBXNativeTarget section */

/* Begin PBXProject section */
		FA3DF55D15EA9A0E003A5271 /* Project object */ = {
			isa = PBXProject;
			attributes = {
				CLASSPREFIX = SS;
				LastUpgradeCheck = 0800;
				ORGANIZATIONNAME = PickledCode;
			};
			buildConfigurationList = FA3DF56015EA9A0E003A5271 /* Build configuration list for PBXProject "ShowSync" */;
			compatibilityVersion = "Xcode 3.2";
			developmentRegion = English;
			hasScannedForEncodings = 0;
			knownRegions = (
				en,
			);
			mainGroup = FA3DF55B15EA9A0E003A5271;
			productRefGroup = FA3DF56715EA9A0E003A5271 /* Products */;
			projectDirPath = "";
			projectRoot = "";
			targets = (
				FA3DF56515EA9A0E003A5271 /* ShowSync */,
			);
		};
/* End PBXProject section */

/* Begin PBXResourcesBuildPhase section */
		FA3DF56415EA9A0E003A5271 /* Resources */ = {
			isa = PBXResourcesBuildPhase;
			buildActionMask = 2147483647;
			files = (
				FA3DF57515EA9A0E003A5271 /* InfoPlist.strings in Resources */,
				FA3DF57B15EA9A0E003A5271 /* Credits.rtf in Resources */,
				FA3DF58115EA9A0E003A5271 /* MainMenu.xib in Resources */,
			);
			runOnlyForDeploymentPostprocessing = 0;
		};
/* End PBXResourcesBuildPhase section */

/* Begin PBXSourcesBuildPhase section */
		FA3DF56215EA9A0E003A5271 /* Sources */ = {
			isa = PBXSourcesBuildPhase;
			buildActionMask = 2147483647;
			files = (
				FA3DF57715EA9A0E003A5271 /* main.m in Sources */,
				FA3DF57E15EA9A0E003A5271 /* SSAppDelegate.m in Sources */,
				FA10C55215ED56190053EED1 /* KBContext.c in Sources */,
				FA10C55315ED56190053EED1 /* KBDecode.c in Sources */,
				FA10C55415ED56190053EED1 /* KBDecodeObjC.m in Sources */,
				FA10C55515ED56190053EED1 /* KBEncode.c in Sources */,
				FA10C55615ED56190053EED1 /* KBEncodeObjC.m in Sources */,
				FA10C55715ED56190053EED1 /* KBPSession.m in Sources */,
				FA10C56015ED56960053EED1 /* SSController.m in Sources */,
				FA10C56315ED56A40053EED1 /* SSMainWindow.m in Sources */,
				FA10C57215ED62F40053EED1 /* SSQuickTimeInterface.m in Sources */,
				FA13279E185513AF0048D23D /* SSInterface.m in Sources */,
				FA10C57915ED65B50053EED1 /* SSVLCInterface.m in Sources */,
				FA10C57C15ED67430053EED1 /* SSInterfaceFactory.m in Sources */,
				FA10C58215ED68140053EED1 /* SSConnectView.m in Sources */,
				FA10C58515ED8E780053EED1 /* SSMainView.m in Sources */,
				FAA5DC9E15EEE8FC002CC804 /* SSSyncController.m in Sources */,
				FA6BE5F915EF0950008C4F1D /* SSInterfaceStatus.m in Sources */,
				FAB6775615F02A7700C80B7B /* SSPlexHomeTheaterInterface.m in Sources */,
				FA0E6A8C15F2D010009C1423 /* SSPreferencesController.m in Sources */,
				2BE6EA4A1DB31D6600CD49F0 /* SSPlexMediaPlayerInterface.m in Sources */,
				FA0E6A9115F2D258009C1423 /* SSHTTPRequest.m in Sources */,
				FA0E6A9415F2D2BE009C1423 /* SSPreferencesWindow.m in Sources */,
				2BE83C5C17CD57F2007DBCE4 /* SSiTunesInterface.m in Sources */,
			);
			runOnlyForDeploymentPostprocessing = 0;
		};
/* End PBXSourcesBuildPhase section */

/* Begin PBXVariantGroup section */
		FA3DF57315EA9A0E003A5271 /* InfoPlist.strings */ = {
			isa = PBXVariantGroup;
			children = (
				FA3DF57415EA9A0E003A5271 /* en */,
			);
			name = InfoPlist.strings;
			sourceTree = "<group>";
		};
		FA3DF57915EA9A0E003A5271 /* Credits.rtf */ = {
			isa = PBXVariantGroup;
			children = (
				FA3DF57A15EA9A0E003A5271 /* en */,
			);
			name = Credits.rtf;
			sourceTree = "<group>";
		};
		FA3DF57F15EA9A0E003A5271 /* MainMenu.xib */ = {
			isa = PBXVariantGroup;
			children = (
				FA3DF58015EA9A0E003A5271 /* en */,
			);
			name = MainMenu.xib;
			sourceTree = "<group>";
		};
/* End PBXVariantGroup section */

/* Begin XCBuildConfiguration section */
		FA3DF58215EA9A0E003A5271 /* Debug */ = {
			isa = XCBuildConfiguration;
			buildSettings = {
				ALWAYS_SEARCH_USER_PATHS = NO;
				CLANG_CXX_LANGUAGE_STANDARD = "gnu++0x";
				CLANG_ENABLE_OBJC_ARC = YES;
				CLANG_WARN_BOOL_CONVERSION = YES;
				CLANG_WARN_CONSTANT_CONVERSION = YES;
				CLANG_WARN_EMPTY_BODY = YES;
				CLANG_WARN_ENUM_CONVERSION = YES;
				CLANG_WARN_INFINITE_RECURSION = YES;
				CLANG_WARN_INT_CONVERSION = YES;
				CLANG_WARN_SUSPICIOUS_MOVE = YES;
				CLANG_WARN_UNREACHABLE_CODE = YES;
				CLANG_WARN__DUPLICATE_METHOD_MATCH = YES;
				COPY_PHASE_STRIP = NO;
				ENABLE_STRICT_OBJC_MSGSEND = YES;
				ENABLE_TESTABILITY = YES;
				GCC_C_LANGUAGE_STANDARD = gnu99;
				GCC_DYNAMIC_NO_PIC = NO;
				GCC_ENABLE_OBJC_EXCEPTIONS = YES;
				GCC_NO_COMMON_BLOCKS = YES;
				GCC_OPTIMIZATION_LEVEL = 0;
				GCC_PREPROCESSOR_DEFINITIONS = (
					"DEBUG=1",
					"$(inherited)",
				);
				GCC_SYMBOLS_PRIVATE_EXTERN = NO;
				GCC_WARN_64_TO_32_BIT_CONVERSION = YES;
				GCC_WARN_ABOUT_RETURN_TYPE = YES;
				GCC_WARN_UNDECLARED_SELECTOR = YES;
				GCC_WARN_UNINITIALIZED_AUTOS = YES;
				GCC_WARN_UNUSED_FUNCTION = YES;
				GCC_WARN_UNUSED_VARIABLE = YES;
				MACOSX_DEPLOYMENT_TARGET = 10.8;
				ONLY_ACTIVE_ARCH = YES;
				SDKROOT = macosx;
			};
			name = Debug;
		};
		FA3DF58315EA9A0E003A5271 /* Release */ = {
			isa = XCBuildConfiguration;
			buildSettings = {
				ALWAYS_SEARCH_USER_PATHS = NO;
				CLANG_CXX_LANGUAGE_STANDARD = "gnu++0x";
				CLANG_ENABLE_OBJC_ARC = YES;
				CLANG_WARN_BOOL_CONVERSION = YES;
				CLANG_WARN_CONSTANT_CONVERSION = YES;
				CLANG_WARN_EMPTY_BODY = YES;
				CLANG_WARN_ENUM_CONVERSION = YES;
				CLANG_WARN_INFINITE_RECURSION = YES;
				CLANG_WARN_INT_CONVERSION = YES;
				CLANG_WARN_SUSPICIOUS_MOVE = YES;
				CLANG_WARN_UNREACHABLE_CODE = YES;
				CLANG_WARN__DUPLICATE_METHOD_MATCH = YES;
				COPY_PHASE_STRIP = YES;
				DEBUG_INFORMATION_FORMAT = "dwarf-with-dsym";
				ENABLE_STRICT_OBJC_MSGSEND = YES;
				GCC_C_LANGUAGE_STANDARD = gnu99;
				GCC_ENABLE_OBJC_EXCEPTIONS = YES;
				GCC_NO_COMMON_BLOCKS = YES;
				GCC_WARN_64_TO_32_BIT_CONVERSION = YES;
				GCC_WARN_ABOUT_RETURN_TYPE = YES;
				GCC_WARN_UNDECLARED_SELECTOR = YES;
				GCC_WARN_UNINITIALIZED_AUTOS = YES;
				GCC_WARN_UNUSED_FUNCTION = YES;
				GCC_WARN_UNUSED_VARIABLE = YES;
				MACOSX_DEPLOYMENT_TARGET = 10.8;
				SDKROOT = macosx;
			};
			name = Release;
		};
		FA3DF58515EA9A0E003A5271 /* Debug */ = {
			isa = XCBuildConfiguration;
			buildSettings = {
				COMBINE_HIDPI_IMAGES = YES;
				FRAMEWORK_SEARCH_PATHS = (
					"$(inherited)",
					"$(PROJECT_DIR)/Carthage/Build/Mac",
				);
				GCC_PRECOMPILE_PREFIX_HEADER = YES;
				GCC_PREFIX_HEADER = "ShowSync/ShowSync-Prefix.pch";
				INFOPLIST_FILE = "ShowSync/ShowSync-Info.plist";
				LD_RUNPATH_SEARCH_PATHS = "$(inherited) @executable_path/../Frameworks";
				PRODUCT_BUNDLE_IDENTIFIER = "com.pickledcode.${PRODUCT_NAME:rfc1034identifier}";
				PRODUCT_NAME = "$(TARGET_NAME)";
				WRAPPER_EXTENSION = app;
			};
			name = Debug;
		};
		FA3DF58615EA9A0E003A5271 /* Release */ = {
			isa = XCBuildConfiguration;
			buildSettings = {
				COMBINE_HIDPI_IMAGES = YES;
				FRAMEWORK_SEARCH_PATHS = (
					"$(inherited)",
					"$(PROJECT_DIR)/Carthage/Build/Mac",
				);
				GCC_PRECOMPILE_PREFIX_HEADER = YES;
				GCC_PREFIX_HEADER = "ShowSync/ShowSync-Prefix.pch";
				INFOPLIST_FILE = "ShowSync/ShowSync-Info.plist";
				LD_RUNPATH_SEARCH_PATHS = "$(inherited) @executable_path/../Frameworks";
				PRODUCT_BUNDLE_IDENTIFIER = "com.pickledcode.${PRODUCT_NAME:rfc1034identifier}";
				PRODUCT_NAME = "$(TARGET_NAME)";
				WRAPPER_EXTENSION = app;
			};
			name = Release;
		};
/* End XCBuildConfiguration section */

/* Begin XCConfigurationList section */
		FA3DF56015EA9A0E003A5271 /* Build configuration list for PBXProject "ShowSync" */ = {
			isa = XCConfigurationList;
			buildConfigurations = (
				FA3DF58215EA9A0E003A5271 /* Debug */,
				FA3DF58315EA9A0E003A5271 /* Release */,
			);
			defaultConfigurationIsVisible = 0;
			defaultConfigurationName = Release;
		};
		FA3DF58415EA9A0E003A5271 /* Build configuration list for PBXNativeTarget "ShowSync" */ = {
			isa = XCConfigurationList;
			buildConfigurations = (
				FA3DF58515EA9A0E003A5271 /* Debug */,
				FA3DF58615EA9A0E003A5271 /* Release */,
			);
			defaultConfigurationIsVisible = 0;
			defaultConfigurationName = Release;
		};
/* End XCConfigurationList section */
	};
	rootObject = FA3DF55D15EA9A0E003A5271 /* Project object */;
}
